
Microsoft Visual Studio Solution File, Format Version 12.00
# Visual Studio Version 16
VisualStudioVersion = 16.0.30621.155
MinimumVisualStudioVersion = 10.0.40219.1
Project("{FAE04EC0-301F-11D3-BF4B-00C04F79EFBC}") = "Eight Puzzle", "Eight Puzzle\Eight Puzzle.csproj", "{EFEC96A7-CF7F-4349-9244-ADC18EB051F6}"
EndProject
Global
	GlobalSection(SolutionConfigurationPlatforms) = preSolution
		Debug|Any CPU = Debug|Any CPU
		Release|Any CPU = Release|Any CPU
	EndGlobalSection
	GlobalSection(ProjectConfigurationPlatforms) = postSolution
		{EFEC96A7-CF7F-4349-9244-ADC18EB051F6}.Debug|Any CPU.ActiveCfg = Debug|Any CPU
		{EFEC96A7-CF7F-4349-9244-ADC18EB051F6}.Debug|Any CPU.Build.0 = Debug|Any CPU
		{EFEC96A7-CF7F-4349-9244-ADC18EB051F6}.Release|Any CPU.ActiveCfg = Release|Any CPU
		{EFEC96A7-CF7F-4349-9244-ADC18EB051F6}.Release|Any CPU.Build.0 = Release|Any CPU
	EndGlobalSection
	GlobalSection(SolutionProperties) = preSolution
		HideSolutionNode = FALSE
	EndGlobalSection
	GlobalSection(ExtensibilityGlobals) = postSolution
		SolutionGuid = {3E56CC52-E88C-4944-BE2A-5636DE2FC9F6}
	EndGlobalSection
EndGlobal
